// !$*UTF8*$!
{
	archiveVersion = 1;
	classes = {
	};
	objectVersion = 77;
	objects = {

/* Begin PBXBuildFile section */
		090B9CC62DB338FF00D8EC79 /* api.plist in Resources */ = {isa = PBXBuildFile; fileRef = 090B9CC52DB338FF00D8EC79 /* api.plist */; };
		090B9CCA2DB33E4A00D8EC79 /* .gitignore in Resources */ = {isa = PBXBuildFile; fileRef = 090B9CC92DB33E4500D8EC79 /* .gitignore */; };
		095723532DB7BFF3002D42B7 /* Lottie in Frameworks */ = {isa = PBXBuildFile; productRef = 095723522DB7BFF3002D42B7 /* Lottie */; };
/* End PBXBuildFile section */

/* Begin PBXContainerItemProxy section */
		098D1CF52DAA0CF000158F34 /* PBXContainerItemProxy */ = {
			isa = PBXContainerItemProxy;
			containerPortal = 098D1CDA2DAA0CEF00158F34 /* Project object */;
			proxyType = 1;
			remoteGlobalIDString = 098D1CE12DAA0CEF00158F34;
			remoteInfo = HaloZone_BLE;
		};
		098D1CFF2DAA0CF000158F34 /* PBXContainerItemProxy */ = {
			isa = PBXContainerItemProxy;
			containerPortal = 098D1CDA2DAA0CEF00158F34 /* Project object */;
			proxyType = 1;
			remoteGlobalIDString = 098D1CE12DAA0CEF00158F34;
			remoteInfo = HaloZone_BLE;
		};
/* End PBXContainerItemProxy section */

/* Begin PBXFileReference section */
		090B9CC52DB338FF00D8EC79 /* api.plist */ = {isa = PBXFileReference; lastKnownFileType = text.plist.xml; path = api.plist; sourceTree = "<group>"; };
		090B9CC92DB33E4500D8EC79 /* .gitignore */ = {isa = PBXFileReference; lastKnownFileType = text; path = .gitignore; sourceTree = "<group>"; };
		098D1CE22DAA0CEF00158F34 /* HaloZone_BLE.app */ = {isa = PBXFileReference; explicitFileType = wrapper.application; includeInIndex = 0; path = HaloZone_BLE.app; sourceTree = BUILT_PRODUCTS_DIR; };
		098D1CF42DAA0CF000158F34 /* HaloZone_BLETests.xctest */ = {isa = PBXFileReference; explicitFileType = wrapper.cfbundle; includeInIndex = 0; path = HaloZone_BLETests.xctest; sourceTree = BUILT_PRODUCTS_DIR; };
		098D1CFE2DAA0CF000158F34 /* HaloZone_BLEUITests.xctest */ = {isa = PBXFileReference; explicitFileType = wrapper.cfbundle; includeInIndex = 0; path = HaloZone_BLEUITests.xctest; sourceTree = BUILT_PRODUCTS_DIR; };
/* End PBXFileReference section */

/* Begin PBXFileSystemSynchronizedRootGroup section */
		098D1CE42DAA0CEF00158F34 /* HaloZone_BLE */ = {
			isa = PBXFileSystemSynchronizedRootGroup;
			path = HaloZone_BLE;
			sourceTree = "<group>";
		};
		098D1CF72DAA0CF000158F34 /* HaloZone_BLETests */ = {
			isa = PBXFileSystemSynchronizedRootGroup;
			path = HaloZone_BLETests;
			sourceTree = "<group>";
		};
		098D1D012DAA0CF000158F34 /* HaloZone_BLEUITests */ = {
			isa = PBXFileSystemSynchronizedRootGroup;
			path = HaloZone_BLEUITests;
			sourceTree = "<group>";
		};
/* End PBXFileSystemSynchronizedRootGroup section */

/* Begin PBXFrameworksBuildPhase section */
		098D1CDF2DAA0CEF00158F34 /* Frameworks */ = {
			isa = PBXFrameworksBuildPhase;
			buildActionMask = 2147483647;
			files = (
				095723532DB7BFF3002D42B7 /* Lottie in Frameworks */,
			);
			runOnlyForDeploymentPostprocessing = 0;
		};
		098D1CF12DAA0CF000158F34 /* Frameworks */ = {
			isa = PBXFrameworksBuildPhase;
			buildActionMask = 2147483647;
			files = (
			);
			runOnlyForDeploymentPostprocessing = 0;
		};
		098D1CFB2DAA0CF000158F34 /* Frameworks */ = {
			isa = PBXFrameworksBuildPhase;
			buildActionMask = 2147483647;
			files = (
			);
			runOnlyForDeploymentPostprocessing = 0;
		};
/* End PBXFrameworksBuildPhase section */

/* Begin PBXGroup section */
		095723512DB7BFF3002D42B7 /* Frameworks */ = {
			isa = PBXGroup;
			children = (
			);
			name = Frameworks;
			sourceTree = "<group>";
		};
		098D1CD92DAA0CEF00158F34 = {
			isa = PBXGroup;
			children = (
				090B9CC52DB338FF00D8EC79 /* api.plist */,
				090B9CC92DB33E4500D8EC79 /* .gitignore */,
				098D1CE42DAA0CEF00158F34 /* HaloZone_BLE */,
				098D1CF72DAA0CF000158F34 /* HaloZone_BLETests */,
				098D1D012DAA0CF000158F34 /* HaloZone_BLEUITests */,
				095723512DB7BFF3002D42B7 /* Frameworks */,
				098D1CE32DAA0CEF00158F34 /* Products */,
			);
			sourceTree = "<group>";
		};
		098D1CE32DAA0CEF00158F34 /* Products */ = {
			isa = PBXGroup;
			children = (
				098D1CE22DAA0CEF00158F34 /* HaloZone_BLE.app */,
				098D1CF42DAA0CF000158F34 /* HaloZone_BLETests.xctest */,
				098D1CFE2DAA0CF000158F34 /* HaloZone_BLEUITests.xctest */,
			);
			name = Products;
			sourceTree = "<group>";
		};
/* End PBXGroup section */

/* Begin PBXNativeTarget section */
		098D1CE12DAA0CEF00158F34 /* HaloZone_BLE */ = {
			isa = PBXNativeTarget;
			buildConfigurationList = 098D1D082DAA0CF000158F34 /* Build configuration list for PBXNativeTarget "HaloZone_BLE" */;
			buildPhases = (
				098D1CDE2DAA0CEF00158F34 /* Sources */,
				098D1CDF2DAA0CEF00158F34 /* Frameworks */,
				098D1CE02DAA0CEF00158F34 /* Resources */,
			);
			buildRules = (
			);
			dependencies = (
				0957234C2DB7BC4F002D42B7 /* PBXTargetDependency */,
			);
			fileSystemSynchronizedGroups = (
				098D1CE42DAA0CEF00158F34 /* HaloZone_BLE */,
			);
			name = HaloZone_BLE;
			packageProductDependencies = (
				095723522DB7BFF3002D42B7 /* Lottie */,
			);
			productName = HaloZone_BLE;
			productReference = 098D1CE22DAA0CEF00158F34 /* HaloZone_BLE.app */;
			productType = "com.apple.product-type.application";
		};
		098D1CF32DAA0CF000158F34 /* HaloZone_BLETests */ = {
			isa = PBXNativeTarget;
			buildConfigurationList = 098D1D0B2DAA0CF000158F34 /* Build configuration list for PBXNativeTarget "HaloZone_BLETests" */;
			buildPhases = (
				098D1CF02DAA0CF000158F34 /* Sources */,
				098D1CF12DAA0CF000158F34 /* Frameworks */,
				098D1CF22DAA0CF000158F34 /* Resources */,
			);
			buildRules = (
			);
			dependencies = (
				098D1CF62DAA0CF000158F34 /* PBXTargetDependency */,
			);
			fileSystemSynchronizedGroups = (
				098D1CF72DAA0CF000158F34 /* HaloZone_BLETests */,
			);
			name = HaloZone_BLETests;
			packageProductDependencies = (
			);
			productName = HaloZone_BLETests;
			productReference = 098D1CF42DAA0CF000158F34 /* HaloZone_BLETests.xctest */;
			productType = "com.apple.product-type.bundle.unit-test";
		};
		098D1CFD2DAA0CF000158F34 /* HaloZone_BLEUITests */ = {
			isa = PBXNativeTarget;
			buildConfigurationList = 098D1D0E2DAA0CF000158F34 /* Build configuration list for PBXNativeTarget "HaloZone_BLEUITests" */;
			buildPhases = (
				098D1CFA2DAA0CF000158F34 /* Sources */,
				098D1CFB2DAA0CF000158F34 /* Frameworks */,
				098D1CFC2DAA0CF000158F34 /* Resources */,
			);
			buildRules = (
			);
			dependencies = (
				098D1D002DAA0CF000158F34 /* PBXTargetDependency */,
			);
			fileSystemSynchronizedGroups = (
				098D1D012DAA0CF000158F34 /* HaloZone_BLEUITests */,
			);
			name = HaloZone_BLEUITests;
			packageProductDependencies = (
			);
			productName = HaloZone_BLEUITests;
			productReference = 098D1CFE2DAA0CF000158F34 /* HaloZone_BLEUITests.xctest */;
			productType = "com.apple.product-type.bundle.ui-testing";
		};
/* End PBXNativeTarget section */

/* Begin PBXProject section */
		098D1CDA2DAA0CEF00158F34 /* Project object */ = {
			isa = PBXProject;
			attributes = {
				BuildIndependentTargetsInParallel = 1;
				LastSwiftUpdateCheck = 1620;
				LastUpgradeCheck = 1620;
				TargetAttributes = {
					098D1CE12DAA0CEF00158F34 = {
						CreatedOnToolsVersion = 16.2;
					};
					098D1CF32DAA0CF000158F34 = {
						CreatedOnToolsVersion = 16.2;
						TestTargetID = 098D1CE12DAA0CEF00158F34;
					};
					098D1CFD2DAA0CF000158F34 = {
						CreatedOnToolsVersion = 16.2;
						TestTargetID = 098D1CE12DAA0CEF00158F34;
					};
				};
			};
			buildConfigurationList = 098D1CDD2DAA0CEF00158F34 /* Build configuration list for PBXProject "HaloZone_BLE" */;
			developmentRegion = en;
			hasScannedForEncodings = 0;
			knownRegions = (
				en,
				Base,
			);
			mainGroup = 098D1CD92DAA0CEF00158F34;
			minimizedProjectReferenceProxies = 1;
			packageReferences = (
				095723442DB7B9B0002D42B7 /* XCRemoteSwiftPackageReference "lottie-spm" */,
			);
			preferredProjectObjectVersion = 77;
			productRefGroup = 098D1CE32DAA0CEF00158F34 /* Products */;
			projectDirPath = "";
			projectRoot = "";
			targets = (
				098D1CE12DAA0CEF00158F34 /* HaloZone_BLE */,
				098D1CF32DAA0CF000158F34 /* HaloZone_BLETests */,
				098D1CFD2DAA0CF000158F34 /* HaloZone_BLEUITests */,
			);
		};
/* End PBXProject section */

/* Begin PBXResourcesBuildPhase section */
		098D1CE02DAA0CEF00158F34 /* Resources */ = {
			isa = PBXResourcesBuildPhase;
			buildActionMask = 2147483647;
			files = (
				090B9CC62DB338FF00D8EC79 /* api.plist in Resources */,
				090B9CCA2DB33E4A00D8EC79 /* .gitignore in Resources */,
			);
			runOnlyForDeploymentPostprocessing = 0;
		};
		098D1CF22DAA0CF000158F34 /* Resources */ = {
			isa = PBXResourcesBuildPhase;
			buildActionMask = 2147483647;
			files = (
			);
			runOnlyForDeploymentPostprocessing = 0;
		};
		098D1CFC2DAA0CF000158F34 /* Resources */ = {
			isa = PBXResourcesBuildPhase;
			buildActionMask = 2147483647;
			files = (
			);
			runOnlyForDeploymentPostprocessing = 0;
		};
/* End PBXResourcesBuildPhase section */

/* Begin PBXSourcesBuildPhase section */
		098D1CDE2DAA0CEF00158F34 /* Sources */ = {
			isa = PBXSourcesBuildPhase;
			buildActionMask = 2147483647;
			files = (
			);
			runOnlyForDeploymentPostprocessing = 0;
		};
		098D1CF02DAA0CF000158F34 /* Sources */ = {
			isa = PBXSourcesBuildPhase;
			buildActionMask = 2147483647;
			files = (
			);
			runOnlyForDeploymentPostprocessing = 0;
		};
		098D1CFA2DAA0CF000158F34 /* Sources */ = {
			isa = PBXSourcesBuildPhase;
			buildActionMask = 2147483647;
			files = (
			);
			runOnlyForDeploymentPostprocessing = 0;
		};
/* End PBXSourcesBuildPhase section */

/* Begin PBXTargetDependency section */
		0957234C2DB7BC4F002D42B7 /* PBXTargetDependency */ = {
			isa = PBXTargetDependency;
			productRef = 0957234B2DB7BC4F002D42B7 /* Lottie */;
		};
		098D1CF62DAA0CF000158F34 /* PBXTargetDependency */ = {
			isa = PBXTargetDependency;
			target = 098D1CE12DAA0CEF00158F34 /* HaloZone_BLE */;
			targetProxy = 098D1CF52DAA0CF000158F34 /* PBXContainerItemProxy */;
		};
		098D1D002DAA0CF000158F34 /* PBXTargetDependency */ = {
			isa = PBXTargetDependency;
			target = 098D1CE12DAA0CEF00158F34 /* HaloZone_BLE */;
			targetProxy = 098D1CFF2DAA0CF000158F34 /* PBXContainerItemProxy */;
		};
/* End PBXTargetDependency section */

/* Begin XCBuildConfiguration section */
		098D1D062DAA0CF000158F34 /* Debug */ = {
			isa = XCBuildConfiguration;
			buildSettings = {
				ALWAYS_SEARCH_USER_PATHS = NO;
				ASSETCATALOG_COMPILER_GENERATE_SWIFT_ASSET_SYMBOL_EXTENSIONS = YES;
				CLANG_ANALYZER_NONNULL = YES;
				CLANG_ANALYZER_NUMBER_OBJECT_CONVERSION = YES_AGGRESSIVE;
				CLANG_CXX_LANGUAGE_STANDARD = "gnu++20";
				CLANG_ENABLE_MODULES = YES;
				CLANG_ENABLE_OBJC_ARC = YES;
				CLANG_ENABLE_OBJC_WEAK = YES;
				CLANG_WARN_BLOCK_CAPTURE_AUTORELEASING = YES;
				CLANG_WARN_BOOL_CONVERSION = YES;
				CLANG_WARN_COMMA = YES;
				CLANG_WARN_CONSTANT_CONVERSION = YES;
				CLANG_WARN_DEPRECATED_OBJC_IMPLEMENTATIONS = YES;
				CLANG_WARN_DIRECT_OBJC_ISA_USAGE = YES_ERROR;
				CLANG_WARN_DOCUMENTATION_COMMENTS = YES;
				CLANG_WARN_EMPTY_BODY = YES;
				CLANG_WARN_ENUM_CONVERSION = YES;
				CLANG_WARN_INFINITE_RECURSION = YES;
				CLANG_WARN_INT_CONVERSION = YES;
				CLANG_WARN_NON_LITERAL_NULL_CONVERSION = YES;
				CLANG_WARN_OBJC_IMPLICIT_RETAIN_SELF = YES;
				CLANG_WARN_OBJC_LITERAL_CONVERSION = YES;
				CLANG_WARN_OBJC_ROOT_CLASS = YES_ERROR;
				CLANG_WARN_QUOTED_INCLUDE_IN_FRAMEWORK_HEADER = YES;
				CLANG_WARN_RANGE_LOOP_ANALYSIS = YES;
				CLANG_WARN_STRICT_PROTOTYPES = YES;
				CLANG_WARN_SUSPICIOUS_MOVE = YES;
				CLANG_WARN_UNGUARDED_AVAILABILITY = YES_AGGRESSIVE;
				CLANG_WARN_UNREACHABLE_CODE = YES;
				CLANG_WARN__DUPLICATE_METHOD_MATCH = YES;
				COPY_PHASE_STRIP = NO;
				DEBUG_INFORMATION_FORMAT = dwarf;
				ENABLE_STRICT_OBJC_MSGSEND = YES;
				ENABLE_TESTABILITY = YES;
				ENABLE_USER_SCRIPT_SANDBOXING = YES;
				GCC_C_LANGUAGE_STANDARD = gnu17;
				GCC_DYNAMIC_NO_PIC = NO;
				GCC_NO_COMMON_BLOCKS = YES;
				GCC_OPTIMIZATION_LEVEL = 0;
				GCC_PREPROCESSOR_DEFINITIONS = (
					"DEBUG=1",
					"$(inherited)",
				);
				GCC_WARN_64_TO_32_BIT_CONVERSION = YES;
				GCC_WARN_ABOUT_RETURN_TYPE = YES_ERROR;
				GCC_WARN_UNDECLARED_SELECTOR = YES;
				GCC_WARN_UNINITIALIZED_AUTOS = YES_AGGRESSIVE;
				GCC_WARN_UNUSED_FUNCTION = YES;
				GCC_WARN_UNUSED_VARIABLE = YES;
				IPHONEOS_DEPLOYMENT_TARGET = 18.2;
				LOCALIZATION_PREFERS_STRING_CATALOGS = YES;
				MTL_ENABLE_DEBUG_INFO = INCLUDE_SOURCE;
				MTL_FAST_MATH = YES;
				ONLY_ACTIVE_ARCH = YES;
				SDKROOT = iphoneos;
				SWIFT_ACTIVE_COMPILATION_CONDITIONS = "DEBUG $(inherited)";
				SWIFT_OPTIMIZATION_LEVEL = "-Onone";
			};
			name = Debug;
		};
		098D1D072DAA0CF000158F34 /* Release */ = {
			isa = XCBuildConfiguration;
			buildSettings = {
				ALWAYS_SEARCH_USER_PATHS = NO;
				ASSETCATALOG_COMPILER_GENERATE_SWIFT_ASSET_SYMBOL_EXTENSIONS = YES;
				CLANG_ANALYZER_NONNULL = YES;
				CLANG_ANALYZER_NUMBER_OBJECT_CONVERSION = YES_AGGRESSIVE;
				CLANG_CXX_LANGUAGE_STANDARD = "gnu++20";
				CLANG_ENABLE_MODULES = YES;
				CLANG_ENABLE_OBJC_ARC = YES;
				CLANG_ENABLE_OBJC_WEAK = YES;
				CLANG_WARN_BLOCK_CAPTURE_AUTORELEASING = YES;
				CLANG_WARN_BOOL_CONVERSION = YES;
				CLANG_WARN_COMMA = YES;
				CLANG_WARN_CONSTANT_CONVERSION = YES;
				CLANG_WARN_DEPRECATED_OBJC_IMPLEMENTATIONS = YES;
				CLANG_WARN_DIRECT_OBJC_ISA_USAGE = YES_ERROR;
				CLANG_WARN_DOCUMENTATION_COMMENTS = YES;
				CLANG_WARN_EMPTY_BODY = YES;
				CLANG_WARN_ENUM_CONVERSION = YES;
				CLANG_WARN_INFINITE_RECURSION = YES;
				CLANG_WARN_INT_CONVERSION = YES;
				CLANG_WARN_NON_LITERAL_NULL_CONVERSION = YES;
				CLANG_WARN_OBJC_IMPLICIT_RETAIN_SELF = YES;
				CLANG_WARN_OBJC_LITERAL_CONVERSION = YES;
				CLANG_WARN_OBJC_ROOT_CLASS = YES_ERROR;
				CLANG_WARN_QUOTED_INCLUDE_IN_FRAMEWORK_HEADER = YES;
				CLANG_WARN_RANGE_LOOP_ANALYSIS = YES;
				CLANG_WARN_STRICT_PROTOTYPES = YES;
				CLANG_WARN_SUSPICIOUS_MOVE = YES;
				CLANG_WARN_UNGUARDED_AVAILABILITY = YES_AGGRESSIVE;
				CLANG_WARN_UNREACHABLE_CODE = YES;
				CLANG_WARN__DUPLICATE_METHOD_MATCH = YES;
				COPY_PHASE_STRIP = NO;
				DEBUG_INFORMATION_FORMAT = "dwarf-with-dsym";
				ENABLE_NS_ASSERTIONS = NO;
				ENABLE_STRICT_OBJC_MSGSEND = YES;
				ENABLE_USER_SCRIPT_SANDBOXING = YES;
				GCC_C_LANGUAGE_STANDARD = gnu17;
				GCC_NO_COMMON_BLOCKS = YES;
				GCC_WARN_64_TO_32_BIT_CONVERSION = YES;
				GCC_WARN_ABOUT_RETURN_TYPE = YES_ERROR;
				GCC_WARN_UNDECLARED_SELECTOR = YES;
				GCC_WARN_UNINITIALIZED_AUTOS = YES_AGGRESSIVE;
				GCC_WARN_UNUSED_FUNCTION = YES;
				GCC_WARN_UNUSED_VARIABLE = YES;
				IPHONEOS_DEPLOYMENT_TARGET = 18.2;
				LOCALIZATION_PREFERS_STRING_CATALOGS = YES;
				MTL_ENABLE_DEBUG_INFO = NO;
				MTL_FAST_MATH = YES;
				ONLY_ACTIVE_ARCH = YES;
				SDKROOT = iphoneos;
				SWIFT_COMPILATION_MODE = wholemodule;
				VALIDATE_PRODUCT = YES;
			};
			name = Release;
		};
		098D1D092DAA0CF000158F34 /* Debug */ = {
			isa = XCBuildConfiguration;
			buildSettings = {
				ASSETCATALOG_COMPILER_APPICON_NAME = AppIcon;
				ASSETCATALOG_COMPILER_GLOBAL_ACCENT_COLOR_NAME = AccentColor;
				CODE_SIGN_STYLE = Automatic;
				CURRENT_PROJECT_VERSION = 1;
				DEVELOPMENT_ASSET_PATHS = "\"HaloZone_BLE/Preview Content\"";
				DEVELOPMENT_TEAM = R9WPZ5669L;
				ENABLE_PREVIEWS = YES;
				GENERATE_INFOPLIST_FILE = YES;
				INFOPLIST_FILE = "HaloZone-BLE-Info.plist";
				INFOPLIST_KEY_NSBluetoothAlwaysUsageDescription = "";
				INFOPLIST_KEY_UIApplicationSceneManifest_Generation = YES;
				INFOPLIST_KEY_UIApplicationSupportsIndirectInputEvents = YES;
				INFOPLIST_KEY_UILaunchScreen_Generation = YES;
				INFOPLIST_KEY_UISupportedInterfaceOrientations_iPad = "UIInterfaceOrientationPortrait UIInterfaceOrientationPortraitUpsideDown UIInterfaceOrientationLandscapeLeft UIInterfaceOrientationLandscapeRight";
				INFOPLIST_KEY_UISupportedInterfaceOrientations_iPhone = "UIInterfaceOrientationPortrait UIInterfaceOrientationLandscapeLeft UIInterfaceOrientationLandscapeRight";
				IPHONEOS_DEPLOYMENT_TARGET = 17.6;
				LD_RUNPATH_SEARCH_PATHS = (
					"$(inherited)",
					"@executable_path/Frameworks",
				);
				MARKETING_VERSION = 1.0;
				PRODUCT_BUNDLE_IDENTIFIER = "elian.HaloZone-BLE";
				PRODUCT_NAME = "$(TARGET_NAME)";
				SWIFT_EMIT_LOC_STRINGS = YES;
				SWIFT_VERSION = 5.0;
				TARGETED_DEVICE_FAMILY = "1,2";
			};
			name = Debug;
		};
		098D1D0A2DAA0CF000158F34 /* Release */ = {
			isa = XCBuildConfiguration;
			buildSettings = {
				ASSETCATALOG_COMPILER_APPICON_NAME = AppIcon;
				ASSETCATALOG_COMPILER_GLOBAL_ACCENT_COLOR_NAME = AccentColor;
				CODE_SIGN_STYLE = Automatic;
				CURRENT_PROJECT_VERSION = 1;
				DEVELOPMENT_ASSET_PATHS = "\"HaloZone_BLE/Preview Content\"";
				DEVELOPMENT_TEAM = R9WPZ5669L;
				ENABLE_PREVIEWS = YES;
				GENERATE_INFOPLIST_FILE = YES;
				INFOPLIST_FILE = "HaloZone-BLE-Info.plist";
				INFOPLIST_KEY_NSBluetoothAlwaysUsageDescription = "";
				INFOPLIST_KEY_UIApplicationSceneManifest_Generation = YES;
				INFOPLIST_KEY_UIApplicationSupportsIndirectInputEvents = YES;
				INFOPLIST_KEY_UILaunchScreen_Generation = YES;
				INFOPLIST_KEY_UISupportedInterfaceOrientations_iPad = "UIInterfaceOrientationPortrait UIInterfaceOrientationPortraitUpsideDown UIInterfaceOrientationLandscapeLeft UIInterfaceOrientationLandscapeRight";
				INFOPLIST_KEY_UISupportedInterfaceOrientations_iPhone = "UIInterfaceOrientationPortrait UIInterfaceOrientationLandscapeLeft UIInterfaceOrientationLandscapeRight";
				IPHONEOS_DEPLOYMENT_TARGET = 17.6;
				LD_RUNPATH_SEARCH_PATHS = (
					"$(inherited)",
					"@executable_path/Frameworks",
				);
				MARKETING_VERSION = 1.0;
				PRODUCT_BUNDLE_IDENTIFIER = "elian.HaloZone-BLE";
				PRODUCT_NAME = "$(TARGET_NAME)";
				SWIFT_EMIT_LOC_STRINGS = YES;
				SWIFT_VERSION = 5.0;
				TARGETED_DEVICE_FAMILY = "1,2";
			};
			name = Release;
		};
		098D1D0C2DAA0CF000158F34 /* Debug */ = {
			isa = XCBuildConfiguration;
			buildSettings = {
				BUNDLE_LOADER = "$(TEST_HOST)";
				CODE_SIGN_STYLE = Automatic;
				CURRENT_PROJECT_VERSION = 1;
				DEVELOPMENT_TEAM = R9WPZ5669L;
				GENERATE_INFOPLIST_FILE = YES;
				IPHONEOS_DEPLOYMENT_TARGET = 18.2;
				MARKETING_VERSION = 1.0;
				PRODUCT_BUNDLE_IDENTIFIER = "elian.HaloZone-BLETests";
				PRODUCT_NAME = "$(TARGET_NAME)";
				SWIFT_EMIT_LOC_STRINGS = NO;
				SWIFT_VERSION = 5.0;
				TARGETED_DEVICE_FAMILY = "1,2";
				TEST_HOST = "$(BUILT_PRODUCTS_DIR)/HaloZone_BLE.app/$(BUNDLE_EXECUTABLE_FOLDER_PATH)/HaloZone_BLE";
			};
			name = Debug;
		};
		098D1D0D2DAA0CF000158F34 /* Release */ = {
			isa = XCBuildConfiguration;
			buildSettings = {
				BUNDLE_LOADER = "$(TEST_HOST)";
				CODE_SIGN_STYLE = Automatic;
				CURRENT_PROJECT_VERSION = 1;
				DEVELOPMENT_TEAM = R9WPZ5669L;
				GENERATE_INFOPLIST_FILE = YES;
				IPHONEOS_DEPLOYMENT_TARGET = 18.2;
				MARKETING_VERSION = 1.0;
				PRODUCT_BUNDLE_IDENTIFIER = "elian.HaloZone-BLETests";
				PRODUCT_NAME = "$(TARGET_NAME)";
				SWIFT_EMIT_LOC_STRINGS = NO;
				SWIFT_VERSION = 5.0;
				TARGETED_DEVICE_FAMILY = "1,2";
				TEST_HOST = "$(BUILT_PRODUCTS_DIR)/HaloZone_BLE.app/$(BUNDLE_EXECUTABLE_FOLDER_PATH)/HaloZone_BLE";
			};
			name = Release;
		};
		098D1D0F2DAA0CF000158F34 /* Debug */ = {
			isa = XCBuildConfiguration;
			buildSettings = {
				CODE_SIGN_STYLE = Automatic;
				CURRENT_PROJECT_VERSION = 1;
				DEVELOPMENT_TEAM = R9WPZ5669L;
				GENERATE_INFOPLIST_FILE = YES;
				MARKETING_VERSION = 1.0;
				PRODUCT_BUNDLE_IDENTIFIER = "elian.HaloZone-BLEUITests";
				PRODUCT_NAME = "$(TARGET_NAME)";
				SWIFT_EMIT_LOC_STRINGS = NO;
				SWIFT_VERSION = 5.0;
				TARGETED_DEVICE_FAMILY = "1,2";
				TEST_TARGET_NAME = HaloZone_BLE;
			};
			name = Debug;
		};
		098D1D102DAA0CF000158F34 /* Release */ = {
			isa = XCBuildConfiguration;
			buildSettings = {
				CODE_SIGN_STYLE = Automatic;
				CURRENT_PROJECT_VERSION = 1;
				DEVELOPMENT_TEAM = R9WPZ5669L;
				GENERATE_INFOPLIST_FILE = YES;
				MARKETING_VERSION = 1.0;
				PRODUCT_BUNDLE_IDENTIFIER = "elian.HaloZone-BLEUITests";
				PRODUCT_NAME = "$(TARGET_NAME)";
				SWIFT_EMIT_LOC_STRINGS = NO;
				SWIFT_VERSION = 5.0;
				TARGETED_DEVICE_FAMILY = "1,2";
				TEST_TARGET_NAME = HaloZone_BLE;
			};
			name = Release;
		};
/* End XCBuildConfiguration section */

/* Begin XCConfigurationList section */
		098D1CDD2DAA0CEF00158F34 /* Build configuration list for PBXProject "HaloZone_BLE" */ = {
			isa = XCConfigurationList;
			buildConfigurations = (
				098D1D062DAA0CF000158F34 /* Debug */,
				098D1D072DAA0CF000158F34 /* Release */,
			);
			defaultConfigurationIsVisible = 0;
			defaultConfigurationName = Release;
		};
		098D1D082DAA0CF000158F34 /* Build configuration list for PBXNativeTarget "HaloZone_BLE" */ = {
			isa = XCConfigurationList;
			buildConfigurations = (
				098D1D092DAA0CF000158F34 /* Debug */,
				098D1D0A2DAA0CF000158F34 /* Release */,
			);
			defaultConfigurationIsVisible = 0;
			defaultConfigurationName = Release;
		};
		098D1D0B2DAA0CF000158F34 /* Build configuration list for PBXNativeTarget "HaloZone_BLETests" */ = {
			isa = XCConfigurationList;
			buildConfigurations = (
				098D1D0C2DAA0CF000158F34 /* Debug */,
				098D1D0D2DAA0CF000158F34 /* Release */,
			);
			defaultConfigurationIsVisible = 0;
			defaultConfigurationName = Release;
		};
		098D1D0E2DAA0CF000158F34 /* Build configuration list for PBXNativeTarget "HaloZone_BLEUITests" */ = {
			isa = XCConfigurationList;
			buildConfigurations = (
				098D1D0F2DAA0CF000158F34 /* Debug */,
				098D1D102DAA0CF000158F34 /* Release */,
			);
			defaultConfigurationIsVisible = 0;
			defaultConfigurationName = Release;
		};
/* End XCConfigurationList section */

/* Begin XCRemoteSwiftPackageReference section */
		095723442DB7B9B0002D42B7 /* XCRemoteSwiftPackageReference "lottie-spm" */ = {
			isa = XCRemoteSwiftPackageReference;
			repositoryURL = "https://github.com/airbnb/lottie-spm.git";
			requirement = {
				kind = upToNextMajorVersion;
				minimumVersion = 4.5.1;
			};
		};
/* End XCRemoteSwiftPackageReference section */

/* Begin XCSwiftPackageProductDependency section */
		0957234B2DB7BC4F002D42B7 /* Lottie */ = {
			isa = XCSwiftPackageProductDependency;
			package = 095723442DB7B9B0002D42B7 /* XCRemoteSwiftPackageReference "lottie-spm" */;
			productName = Lottie;
		};
		095723522DB7BFF3002D42B7 /* Lottie */ = {
			isa = XCSwiftPackageProductDependency;
			package = 095723442DB7B9B0002D42B7 /* XCRemoteSwiftPackageReference "lottie-spm" */;
			productName = Lottie;
		};
/* End XCSwiftPackageProductDependency section */
	};
	rootObject = 098D1CDA2DAA0CEF00158F34 /* Project object */;
}
